
Microsoft Visual Studio Solution File, Format Version 12.00
Project("{FAE04EC0-301F-11D3-BF4B-00C04F79EFBC}") = "DotNS", "DotNS\DotNS.csproj", "{B16CEA8D-B9C7-4C7C-993B-9ACE9D8D5BED}"
EndProject
Global
	GlobalSection(SolutionConfigurationPlatforms) = preSolution
		Debug|Any CPU = Debug|Any CPU
		Release|Any CPU = Release|Any CPU
	EndGlobalSection
	GlobalSection(ProjectConfigurationPlatforms) = postSolution
		{B16CEA8D-B9C7-4C7C-993B-9ACE9D8D5BED}.Debug|Any CPU.ActiveCfg = Debug|Any CPU
		{B16CEA8D-B9C7-4C7C-993B-9ACE9D8D5BED}.Debug|Any CPU.Build.0 = Debug|Any CPU
		{B16CEA8D-B9C7-4C7C-993B-9ACE9D8D5BED}.Release|Any CPU.ActiveCfg = Release|Any CPU
		{B16CEA8D-B9C7-4C7C-993B-9ACE9D8D5BED}.Release|Any CPU.Build.0 = Release|Any CPU
	EndGlobalSection
EndGlobal
